
Microsoft Visual Studio Solution File, Format Version 12.00
# Visual Studio Version 17
VisualStudioVersion = 17.9.34723.18
MinimumVisualStudioVersion = 10.0.40219.1
Project("{9A19103F-16F7-4668-BE54-9A1E7A4F7556}") = "SimpleModChecker", "SimpleModChecker.csproj", "{E60FB876-D414-4C48-BF1D-AC755F49D198}"
EndProject
Global
	GlobalSection(SolutionConfigurationPlatforms) = preSolution
		Debug|Any CPU = Debug|Any CPU
		Release|Any CPU = Release|Any CPU
	EndGlobalSection
	GlobalSection(ProjectConfigurationPlatforms) = postSolution
		{E60FB876-D414-4C48-BF1D-AC755F49D198}.Debug|Any CPU.ActiveCfg = Release|Any CPU
		{E60FB876-D414-4C48-BF1D-AC755F49D198}.Debug|Any CPU.Build.0 = Release|Any CPU
		{E60FB876-D414-4C48-BF1D-AC755F49D198}.Release|Any CPU.ActiveCfg = Release|Any CPU
		{E60FB876-D414-4C48-BF1D-AC755F49D198}.Release|Any CPU.Build.0 = Release|Any CPU
	EndGlobalSection
	GlobalSection(SolutionProperties) = preSolution
		HideSolutionNode = FALSE
	EndGlobalSection
	GlobalSection(ExtensibilityGlobals) = postSolution
		SolutionGuid = {78E46351-035E-4008-8F33-01DDBEAA18D4}
	EndGlobalSection
EndGlobal
